
Microsoft Visual Studio Solution File, Format Version 12.00
# Visual Studio 15
VisualStudioVersion = 15.0.28307.705
MinimumVisualStudioVersion = 10.0.40219.1
Project("{FAE04EC0-301F-11D3-BF4B-00C04F79EFBC}") = "Proyecto.Model", "Proyecto.Model\Proyecto.Model.csproj", "{FAA73ADC-7A32-44AC-B2B4-2665B53B0C8F}"
EndProject
Project("{FAE04EC0-301F-11D3-BF4B-00C04F79EFBC}") = "Proyecto.API", "Proyecto.API\Proyecto.API.csproj", "{70D0B11C-29E4-439A-94F6-F9CEBF87C7AD}"
EndProject
Global
	GlobalSection(SolutionConfigurationPlatforms) = preSolution
		Debug|Any CPU = Debug|Any CPU
		Release|Any CPU = Release|Any CPU
	EndGlobalSection
	GlobalSection(ProjectConfigurationPlatforms) = postSolution
		{FAA73ADC-7A32-44AC-B2B4-2665B53B0C8F}.Debug|Any CPU.ActiveCfg = Debug|Any CPU
		{FAA73ADC-7A32-44AC-B2B4-2665B53B0C8F}.Debug|Any CPU.Build.0 = Debug|Any CPU
		{FAA73ADC-7A32-44AC-B2B4-2665B53B0C8F}.Release|Any CPU.ActiveCfg = Release|Any CPU
		{FAA73ADC-7A32-44AC-B2B4-2665B53B0C8F}.Release|Any CPU.Build.0 = Release|Any CPU
		{70D0B11C-29E4-439A-94F6-F9CEBF87C7AD}.Debug|Any CPU.ActiveCfg = Debug|Any CPU
		{70D0B11C-29E4-439A-94F6-F9CEBF87C7AD}.Debug|Any CPU.Build.0 = Debug|Any CPU
		{70D0B11C-29E4-439A-94F6-F9CEBF87C7AD}.Release|Any CPU.ActiveCfg = Release|Any CPU
		{70D0B11C-29E4-439A-94F6-F9CEBF87C7AD}.Release|Any CPU.Build.0 = Release|Any CPU
	EndGlobalSection
	GlobalSection(SolutionProperties) = preSolution
		HideSolutionNode = FALSE
	EndGlobalSection
	GlobalSection(ExtensibilityGlobals) = postSolution
		SolutionGuid = {F030DFE6-71A1-4CEE-8CCB-2161CE410F6A}
	EndGlobalSection
EndGlobal
